// !$*UTF8*$!
{
	archiveVersion = 1;
	classes = {
	};
	objectVersion = 77;
	objects = {

/* Begin PBXBuildFile section */
		024D905AD69C70469BB2802B /* Opportunity.swift in Sources */ = {isa = PBXBuildFile; fileRef = AD5AC5FD0C4B654A1AC21455 /* Opportunity.swift */; };
		03276BB766BE4C76773CD17E /* EmailScanEngine.swift in Sources */ = {isa = PBXBuildFile; fileRef = 644D3A1C5342DEBB127507D3 /* EmailScanEngine.swift */; };
		0754912CF7D6E72BBF046CEC /* OfflineLockView.swift in Sources */ = {isa = PBXBuildFile; fileRef = 58CE9F45A1B999C143E2F3AA /* OfflineLockView.swift */; };
		0945ADA4071C21E97B28C933 /* Specialty.swift in Sources */ = {isa = PBXBuildFile; fileRef = A85AC6A57D105A7C7B62A7BD /* Specialty.swift */; };
		0A5B4B18C437830933FA900E /* UISmokeCRUDTests.swift in Sources */ = {isa = PBXBuildFile; fileRef = 48F8B3D8F49202EB1F5C7913 /* UISmokeCRUDTests.swift */; };
		0C68B6CED4D625996A04FCE6 /* EnrichmentQueueItem.swift in Sources */ = {isa = PBXBuildFile; fileRef = 49C40EDA92AF620E53721593 /* EnrichmentQueueItem.swift */; };
		0CD91819A7E31B4616F65628 /* GmailAPIClient.swift in Sources */ = {isa = PBXBuildFile; fileRef = 7D1B5E5FF33E83DA5A5378A5 /* GmailAPIClient.swift */; };
		106ADEB53369675C780A9283 /* ClientPage+Airtable.swift in Sources */ = {isa = PBXBuildFile; fileRef = 316C309AD146E8B39E732EC0 /* ClientPage+Airtable.swift */; };
		12B674423FA4BD14D8822048 /* PersonRate.swift in Sources */ = {isa = PBXBuildFile; fileRef = A03C236DE53FBBF03AFC9BBE /* PersonRate.swift */; };
		141E801CD0E7D895A261D4AD /* TasksView.swift in Sources */ = {isa = PBXBuildFile; fileRef = C6F940D1601214B19B51F716 /* TasksView.swift */; };
		1AC67D7ECC317A8F317D05C0 /* RateCard+Airtable.swift in Sources */ = {isa = PBXBuildFile; fileRef = 1A81701527DF8CABEDA5E3DF /* RateCard+Airtable.swift */; };
		1ACD9F21CEC2A2C241E970A0 /* PersonRate+Airtable.swift in Sources */ = {isa = PBXBuildFile; fileRef = 171BB5B858B9B2AF671B147F /* PersonRate+Airtable.swift */; };
		1ACFC5383147C9326C6B6113 /* KeychainService.swift in Sources */ = {isa = PBXBuildFile; fileRef = 0D61957FDC2F8FA3F91FE036 /* KeychainService.swift */; };
		1CCC821E974F9883EC7189C9 /* Assets.xcassets in Resources */ = {isa = PBXBuildFile; fileRef = 1D79A18DA5B69A3631FCE00A /* Assets.xcassets */; };
		1E022A0BD2BA8760C00B2ED4 /* Project.swift in Sources */ = {isa = PBXBuildFile; fileRef = DE314248FE2D8796FC6CF433 /* Project.swift */; };
		21FE99C66A073A46002E9CCF /* BentoComponents.swift in Sources */ = {isa = PBXBuildFile; fileRef = 8AA5E8114E123796534ED260 /* BentoComponents.swift */; };
		226634A2BA1D580839C9183F /* EnrichmentQueueItem+Airtable.swift in Sources */ = {isa = PBXBuildFile; fileRef = F60D57910CECCCE026753048 /* EnrichmentQueueItem+Airtable.swift */; };
		2F2B540BE6651C6070BB48A6 /* Project+Airtable.swift in Sources */ = {isa = PBXBuildFile; fileRef = 71C07D862A21FBBB8121DAE0 /* Project+Airtable.swift */; };
		30901135097226C483D1DEB2 /* LicenseService.swift in Sources */ = {isa = PBXBuildFile; fileRef = 4441B2730DB9DFA459D4FBA2 /* LicenseService.swift */; };
		32A37AC7A71BCA3C59781505 /* PortalLogsView.swift in Sources */ = {isa = PBXBuildFile; fileRef = 08FE20CAB9B28C725C9A7AFD /* PortalLogsView.swift */; };
		35C3F4BEF1740DA2C7220139 /* TaskDetailView.swift in Sources */ = {isa = PBXBuildFile; fileRef = 668D676CC891E3198DACD13B /* TaskDetailView.swift */; };
		36EBBB07DE34F8F950564A28 /* ProjectDetailView.swift in Sources */ = {isa = PBXBuildFile; fileRef = 41AEF7B9304DFAE44834536F /* ProjectDetailView.swift */; };
		38AC88CA3F769FD350136A46 /* Proposal+Airtable.swift in Sources */ = {isa = PBXBuildFile; fileRef = 52D0ECF95266B0099FA8C004 /* Proposal+Airtable.swift */; };
		3B9FF2F195EB914F5F66299A /* Company+Airtable.swift in Sources */ = {isa = PBXBuildFile; fileRef = D0BF49F209CD2BD1A81E13CB /* Company+Airtable.swift */; };
		3BA9C65768304F0629CA653C /* PortalLog+Airtable.swift in Sources */ = {isa = PBXBuildFile; fileRef = 2332EC94CCF5578B28B91245 /* PortalLog+Airtable.swift */; };
		3E13C992D90082BF5FF7E24B /* Interaction.swift in Sources */ = {isa = PBXBuildFile; fileRef = 68503FBF62BB4C58531F734C /* Interaction.swift */; };
		3F719188A3B826F2D902CAFF /* EnrichmentDetailView.swift in Sources */ = {isa = PBXBuildFile; fileRef = 4FDA840FF5AF406DDFBC5E2F /* EnrichmentDetailView.swift */; };
		43DC7BE3CE7479FF375655DA /* SettingsView.swift in Sources */ = {isa = PBXBuildFile; fileRef = D766042D9087DFD6757ACB42 /* SettingsView.swift */; };
		449038EC80DE762E7082426D /* AirtableService.swift in Sources */ = {isa = PBXBuildFile; fileRef = 0626CFBCA68B78CCAE3A5BD7 /* AirtableService.swift */; };
		44A07D8E2FAE7E100C551056 /* ClaudeClient.swift in Sources */ = {isa = PBXBuildFile; fileRef = 696DE13DE7B99602E39BA2F6 /* ClaudeClient.swift */; };
		450032A049ABDD89A3DE0BA7 /* iOSTasksView.swift in Sources */ = {isa = PBXBuildFile; fileRef = 0AA4CE6B7DD263E94CF89FE4 /* iOSTasksView.swift */; };
		46290C16304DB96B19157EB4 /* ProjectsView.swift in Sources */ = {isa = PBXBuildFile; fileRef = C59EBB89A28F4676116D8A6D /* ProjectsView.swift */; };
		4871C164B27F914BCC72CC9C /* PortalAccessRecord.swift in Sources */ = {isa = PBXBuildFile; fileRef = 48DD1C12C88BD4E268591904 /* PortalAccessRecord.swift */; };
		4995EE71A952D25C4D9CDFC7 /* PlatformHelpers.swift in Sources */ = {isa = PBXBuildFile; fileRef = 96F0EDB8CA3140A4F57B090F /* PlatformHelpers.swift */; };
		4BDEC3D95BEB29FA215B7514 /* DashboardView.swift in Sources */ = {isa = PBXBuildFile; fileRef = E0AD484B882AECF1ABE3213F /* DashboardView.swift */; };
		4D8A7F7ABB4EA5B7DCD2D998 /* GrantAccessSheet.swift in Sources */ = {isa = PBXBuildFile; fileRef = DFFDA42D74F4FFE80986174F /* GrantAccessSheet.swift */; };
		4E0EBF0C0D85BCA62C854718 /* SuggestionReviewForm.swift in Sources */ = {isa = PBXBuildFile; fileRef = E2746020D99157EA5E25E51C /* SuggestionReviewForm.swift */; };
		4E29CF83F9440DEF732177F2 /* ImportedContact+Airtable.swift in Sources */ = {isa = PBXBuildFile; fileRef = 91E7DA8774A3960554DDDB99 /* ImportedContact+Airtable.swift */; };
		51BEE4C3427A703E9EA4DE7E /* ContentView.swift in Sources */ = {isa = PBXBuildFile; fileRef = 2DD07A3581FA6F5DB4CCD50E /* ContentView.swift */; };
		5498D0C4CB1B1F07FFD985B3 /* PortalLog.swift in Sources */ = {isa = PBXBuildFile; fileRef = 96E233D4EA498B4D591789D1 /* PortalLog.swift */; };
		55DFA7A044C0B594B5A5354E /* AirtableConvertible.swift in Sources */ = {isa = PBXBuildFile; fileRef = 77BD5729BF2FB116515E6ECF /* AirtableConvertible.swift */; };
		577D8DAFD2F517D9CB1FBE10 /* ProposalsView.swift in Sources */ = {isa = PBXBuildFile; fileRef = 20E951223991FB76B8FAB891 /* ProposalsView.swift */; };
		5883B6127874396EA5FFAFA9 /* AirtableCRUDTests.swift in Sources */ = {isa = PBXBuildFile; fileRef = B1AB4AC70FDF9110FCC9AC88 /* AirtableCRUDTests.swift */; };
		5C43F54A5B574A7B450EA2A7 /* ImportedContactDetailView.swift in Sources */ = {isa = PBXBuildFile; fileRef = 80AAFC4F81B96A6478FEDDBA /* ImportedContactDetailView.swift */; };
		5E3277207BAB0C745FF8D7F7 /* SharedComponents.swift in Sources */ = {isa = PBXBuildFile; fileRef = A1A161B8DCBD0CDF39AAA10C /* SharedComponents.swift */; };
		658C2CB62500CF27A14D2613 /* iOSContactsView.swift in Sources */ = {isa = PBXBuildFile; fileRef = 61CB5E3E355D02DA192DFBF5 /* iOSContactsView.swift */; };
		65C3E1A6C84B7EDD12D1DB4B /* ImportedContact.swift in Sources */ = {isa = PBXBuildFile; fileRef = 7B7890DD79DA9A6657609855 /* ImportedContact.swift */; };
		732B91B8A241E2C88186FD07 /* EditableAvatarView.swift in Sources */ = {isa = PBXBuildFile; fileRef = A09B51751718308565E912A8 /* EditableAvatarView.swift */; };
		7476753DF05C0CD03C7076FA /* Specialty+Airtable.swift in Sources */ = {isa = PBXBuildFile; fileRef = 6ABE86523821B3FCDB6E53E5 /* Specialty+Airtable.swift */; };
		74C73EA268010F1DCB9DDB41 /* LinkedRecordResolver.swift in Sources */ = {isa = PBXBuildFile; fileRef = F42F3829BAEFC9576877253A /* LinkedRecordResolver.swift */; };
		75B0F095EDA9A11DDD93DBAF /* Interaction+Airtable.swift in Sources */ = {isa = PBXBuildFile; fileRef = 1251BF67D5DE50CE8268415C /* Interaction+Airtable.swift */; };
		77DA98C48FFAC15CB020819D /* ILSCRMApp.swift in Sources */ = {isa = PBXBuildFile; fileRef = 93139863B859A2E429AC26CE /* ILSCRMApp.swift */; };
		79162B82F57DC14B8BC4262A /* ProposalDetailView.swift in Sources */ = {isa = PBXBuildFile; fileRef = E6073CD44784B64287F728E7 /* ProposalDetailView.swift */; };
		8022F098EA4F19DB36D03C07 /* PortalAccessDetailView.swift in Sources */ = {isa = PBXBuildFile; fileRef = 9270D2C7DC2115B929126C4E /* PortalAccessDetailView.swift */; };
		8D0EB9B9A8761235529F474C /* EmailUtils.swift in Sources */ = {isa = PBXBuildFile; fileRef = D062D8686378D6EEA73166F2 /* EmailUtils.swift */; };
		9249063E8DC1713631C37A1E /* CRMTask.swift in Sources */ = {isa = PBXBuildFile; fileRef = 89C658F412AEC8BC5883E5EA /* CRMTask.swift */; };
		9352236A6AD9AE0E2128BF50 /* ContactsView.swift in Sources */ = {isa = PBXBuildFile; fileRef = 931ED47893850975AFBC12A0 /* ContactsView.swift */; };
		94CC5A9D200156BA3D214F91 /* DetailComponents.swift in Sources */ = {isa = PBXBuildFile; fileRef = 7D57C205199B792B326959B6 /* DetailComponents.swift */; };
		9B4186CD4291B5DBA471BE0D /* iOSCompaniesView.swift in Sources */ = {isa = PBXBuildFile; fileRef = C847C132CA2DCF079D443545 /* iOSCompaniesView.swift */; };
		9E2C3E2D220949F82F056435 /* EmailScanState.swift in Sources */ = {isa = PBXBuildFile; fileRef = B893E899F8978EB8138240BE /* EmailScanState.swift */; };
		9F0DE1571922F0514486806B /* TaskFormView.swift in Sources */ = {isa = PBXBuildFile; fileRef = F502ADB5929B8F24523FF64E /* TaskFormView.swift */; };
		A5EDD61CAEB53E69ABD6F598 /* GmailSettingsSection.swift in Sources */ = {isa = PBXBuildFile; fileRef = AE328CDB7778A8F47EAA9F53 /* GmailSettingsSection.swift */; };
		A696ACC6AA8099D470D104DB /* SyncEngine.swift in Sources */ = {isa = PBXBuildFile; fileRef = 67C683F26915642FCBFD399A /* SyncEngine.swift */; };
		A6B42BD46880906393A2564A /* EmailClassifier.swift in Sources */ = {isa = PBXBuildFile; fileRef = 8D96D2BC1E800E6DDB53467B /* EmailClassifier.swift */; };
		A733A762B04063FAE09B39D4 /* OpportunityDetailView.swift in Sources */ = {isa = PBXBuildFile; fileRef = 2B819D1D3D6D5D6224EA6059 /* OpportunityDetailView.swift */; };
		A80F73C436A8B1584A4AFD15 /* ContactDetailView.swift in Sources */ = {isa = PBXBuildFile; fileRef = 99535FE1159A16F2D4297A81 /* ContactDetailView.swift */; };
		A9BE2148A3ECC502D2CF2691 /* iOSSettingsView.swift in Sources */ = {isa = PBXBuildFile; fileRef = F0601ACB05655FA5DD47D538 /* iOSSettingsView.swift */; };
		ABB8E1147F5AF5C7CCE4BFA4 /* CompanyDetailView.swift in Sources */ = {isa = PBXBuildFile; fileRef = 66D7C2ED321ED09895486FDF /* CompanyDetailView.swift */; };
		B129FFFF82792485422F535E /* ImportedContactsView.swift in Sources */ = {isa = PBXBuildFile; fileRef = A49F9AFC3A3BFE5B1C86EAC7 /* ImportedContactsView.swift */; };
		B34F2130F324C26103ED67D2 /* ClientPage.swift in Sources */ = {isa = PBXBuildFile; fileRef = CDA67E7B40071D4AE31F92F9 /* ClientPage.swift */; };
		B4B487342A3ADC5D920D605A /* AppStateManager.swift in Sources */ = {isa = PBXBuildFile; fileRef = 2D01AC9627DB2EC046865779 /* AppStateManager.swift */; };
		BC02322F46633F5E380D68DC /* ILS_CRM_UITests.swift in Sources */ = {isa = PBXBuildFile; fileRef = C64BA68513C875444438907A /* ILS_CRM_UITests.swift */; };
		BCC0A608A777C24598E3D7DA /* AirtableConfig.swift in Sources */ = {isa = PBXBuildFile; fileRef = 52B1B436042A8E098AF0ABA6 /* AirtableConfig.swift */; };
		BDC869DCC6C1DE44DDD76F31 /* GmailOAuthService.swift in Sources */ = {isa = PBXBuildFile; fileRef = 076BABE0F288BDC4F616814D /* GmailOAuthService.swift */; };
		BEED2CC256AB9DDD4CC3CDA6 /* NeonComponents.swift in Sources */ = {isa = PBXBuildFile; fileRef = 7E68D5043BE22F9B14CBFD85 /* NeonComponents.swift */; };
		C12FCA7AF480E16E345D349E /* EmailScanRule+Airtable.swift in Sources */ = {isa = PBXBuildFile; fileRef = F95308B83FB85C8EA4E85002 /* EmailScanRule+Airtable.swift */; };
		C459EDE201B5326CB856C837 /* InteractionDetailView.swift in Sources */ = {isa = PBXBuildFile; fileRef = 8D68C7F1FA49E86B89C127B6 /* InteractionDetailView.swift */; };
		C552F943C9D54741C708C379 /* PortalAccessRecord+Airtable.swift in Sources */ = {isa = PBXBuildFile; fileRef = 4AE64E65874DA7EEAD56BA2C /* PortalAccessRecord+Airtable.swift */; };
		C5B5C50392B5F43A15EE4217 /* LinkedRecordPicker.swift in Sources */ = {isa = PBXBuildFile; fileRef = 5CE5BF78A83434AD89F1FFCD /* LinkedRecordPicker.swift */; };
		C5F8BD8560EF6CAA970BE5F2 /* Contact+Airtable.swift in Sources */ = {isa = PBXBuildFile; fileRef = 7C8D1B1FEA4C806594AAE1EA /* Contact+Airtable.swift */; };
		CAF50B0278F5C4463A0040BB /* FramerHealthService.swift in Sources */ = {isa = PBXBuildFile; fileRef = E33304DE2A8B008C7C3F330F /* FramerHealthService.swift */; };
		D34B6650FD638F961DC425B6 /* CompaniesView.swift in Sources */ = {isa = PBXBuildFile; fileRef = ED59216158DF4769EFB6BD74 /* CompaniesView.swift */; };
		D410C3B2749F903DB6078C21 /* iOSTaskDetailView.swift in Sources */ = {isa = PBXBuildFile; fileRef = 9A75252E01322E065A8492CA /* iOSTaskDetailView.swift */; };
		D419FF8EC2A4CE310A6A5FD8 /* Proposal.swift in Sources */ = {isa = PBXBuildFile; fileRef = B6A17675D518A087D5687C46 /* Proposal.swift */; };
		D456DB1C39A4368CBFC3FD11 /* CRMTask+Airtable.swift in Sources */ = {isa = PBXBuildFile; fileRef = 4A4004166840F7FE3EEA205D /* CRMTask+Airtable.swift */; };
		D6E02ADF58BE1D2947790F72 /* EmailRulesEngine.swift in Sources */ = {isa = PBXBuildFile; fileRef = BE6980BAD6222D0345E524CD /* EmailRulesEngine.swift */; };
		D8293516902E4DDAAFF8E29A /* iOSTaskFormView.swift in Sources */ = {isa = PBXBuildFile; fileRef = 85950CF9B09800B62F3CDD4D /* iOSTaskFormView.swift */; };
		D94151C0E0062D7BDA9D7ABF /* RateCard.swift in Sources */ = {isa = PBXBuildFile; fileRef = CEC219544CB05E05EE4243BB /* RateCard.swift */; };
		DA660DAB95967BFA6D23BFD6 /* PortalAccessView.swift in Sources */ = {isa = PBXBuildFile; fileRef = 115F65F8E51ACDA30BB96E73 /* PortalAccessView.swift */; };
		DF15F7ABE93D042D8A704882 /* PipelineView.swift in Sources */ = {isa = PBXBuildFile; fileRef = D16508BB0F462650F6DA3D4D /* PipelineView.swift */; };
		E37235068B78D011C6790273 /* Company.swift in Sources */ = {isa = PBXBuildFile; fileRef = 649C44D1AA43D3C6B31DC0B2 /* Company.swift */; };
		E5771CEA27AB55A6E7E40925 /* Contact.swift in Sources */ = {isa = PBXBuildFile; fileRef = 4CFC604A95E0A130C6EAFC7C /* Contact.swift */; };
		E63201E940F208C1803F662A /* CommandPaletteView.swift in Sources */ = {isa = PBXBuildFile; fileRef = AD5D973A49C023D1EE389F0F /* CommandPaletteView.swift */; };
		ED94318657AEC4D283753738 /* InteractionsView.swift in Sources */ = {isa = PBXBuildFile; fileRef = B46488C4FC77689E54BDF129 /* InteractionsView.swift */; };
		F62D67B452DA861BCB0A1585 /* iOSContentView.swift in Sources */ = {isa = PBXBuildFile; fileRef = FC11BC24156F91A74A9D5038 /* iOSContentView.swift */; };
		F63F2BF32F6391A2F68CAA66 /* RevokedView.swift in Sources */ = {isa = PBXBuildFile; fileRef = 5E0C38FCC1781130B2EA6A71 /* RevokedView.swift */; };
		F9CC88E46E563141C9396386 /* EmailScanState+Airtable.swift in Sources */ = {isa = PBXBuildFile; fileRef = C97328204D6403F055134FEC /* EmailScanState+Airtable.swift */; };
		FB6619F611CA54671C544752 /* Opportunity+Airtable.swift in Sources */ = {isa = PBXBuildFile; fileRef = 794C572B0816746F1F6DD1EF /* Opportunity+Airtable.swift */; };
		FCAA9D5C61136176C044B90F /* EmailScanRule.swift in Sources */ = {isa = PBXBuildFile; fileRef = 4448CFFF7E830271CA6BCED5 /* EmailScanRule.swift */; };
/* End PBXBuildFile section */

/* Begin PBXContainerItemProxy section */
		1DA86CEDC858F0A5EA262783 /* PBXContainerItemProxy */ = {
			isa = PBXContainerItemProxy;
			containerPortal = C559CE298287DA202E635C77 /* Project object */;
			proxyType = 1;
			remoteGlobalIDString = 4CDF06EFDDA8A408714299C4;
			remoteInfo = "ILS CRM";
		};
		72F7877B421792A8002D1D3D /* PBXContainerItemProxy */ = {
			isa = PBXContainerItemProxy;
			containerPortal = C559CE298287DA202E635C77 /* Project object */;
			proxyType = 1;
			remoteGlobalIDString = 4CDF06EFDDA8A408714299C4;
			remoteInfo = "ILS CRM";
		};
/* End PBXContainerItemProxy section */

/* Begin PBXFileReference section */
		0626CFBCA68B78CCAE3A5BD7 /* AirtableService.swift */ = {isa = PBXFileReference; lastKnownFileType = sourcecode.swift; path = AirtableService.swift; sourceTree = "<group>"; };
		076BABE0F288BDC4F616814D /* GmailOAuthService.swift */ = {isa = PBXFileReference; lastKnownFileType = sourcecode.swift; path = GmailOAuthService.swift; sourceTree = "<group>"; };
		08FE20CAB9B28C725C9A7AFD /* PortalLogsView.swift */ = {isa = PBXFileReference; lastKnownFileType = sourcecode.swift; path = PortalLogsView.swift; sourceTree = "<group>"; };
		094525C470C3BD376958467D /* ILS CRM.entitlements */ = {isa = PBXFileReference; lastKnownFileType = text.plist.entitlements; path = "ILS CRM.entitlements"; sourceTree = "<group>"; };
		0AA4CE6B7DD263E94CF89FE4 /* iOSTasksView.swift */ = {isa = PBXFileReference; lastKnownFileType = sourcecode.swift; path = iOSTasksView.swift; sourceTree = "<group>"; };
		0D61957FDC2F8FA3F91FE036 /* KeychainService.swift */ = {isa = PBXFileReference; lastKnownFileType = sourcecode.swift; path = KeychainService.swift; sourceTree = "<group>"; };
		115F65F8E51ACDA30BB96E73 /* PortalAccessView.swift */ = {isa = PBXFileReference; lastKnownFileType = sourcecode.swift; path = PortalAccessView.swift; sourceTree = "<group>"; };
		1251BF67D5DE50CE8268415C /* Interaction+Airtable.swift */ = {isa = PBXFileReference; lastKnownFileType = sourcecode.swift; path = "Interaction+Airtable.swift"; sourceTree = "<group>"; };
		171BB5B858B9B2AF671B147F /* PersonRate+Airtable.swift */ = {isa = PBXFileReference; lastKnownFileType = sourcecode.swift; path = "PersonRate+Airtable.swift"; sourceTree = "<group>"; };
		1A81701527DF8CABEDA5E3DF /* RateCard+Airtable.swift */ = {isa = PBXFileReference; lastKnownFileType = sourcecode.swift; path = "RateCard+Airtable.swift"; sourceTree = "<group>"; };
		1D79A18DA5B69A3631FCE00A /* Assets.xcassets */ = {isa = PBXFileReference; lastKnownFileType = folder.assetcatalog; path = Assets.xcassets; sourceTree = "<group>"; };
		20E951223991FB76B8FAB891 /* ProposalsView.swift */ = {isa = PBXFileReference; lastKnownFileType = sourcecode.swift; path = ProposalsView.swift; sourceTree = "<group>"; };
		2332EC94CCF5578B28B91245 /* PortalLog+Airtable.swift */ = {isa = PBXFileReference; lastKnownFileType = sourcecode.swift; path = "PortalLog+Airtable.swift"; sourceTree = "<group>"; };
		2B819D1D3D6D5D6224EA6059 /* OpportunityDetailView.swift */ = {isa = PBXFileReference; lastKnownFileType = sourcecode.swift; path = OpportunityDetailView.swift; sourceTree = "<group>"; };
		2D01AC9627DB2EC046865779 /* AppStateManager.swift */ = {isa = PBXFileReference; lastKnownFileType = sourcecode.swift; path = AppStateManager.swift; sourceTree = "<group>"; };
		2DD07A3581FA6F5DB4CCD50E /* ContentView.swift */ = {isa = PBXFileReference; lastKnownFileType = sourcecode.swift; path = ContentView.swift; sourceTree = "<group>"; };
		316C309AD146E8B39E732EC0 /* ClientPage+Airtable.swift */ = {isa = PBXFileReference; lastKnownFileType = sourcecode.swift; path = "ClientPage+Airtable.swift"; sourceTree = "<group>"; };
		41AEF7B9304DFAE44834536F /* ProjectDetailView.swift */ = {isa = PBXFileReference; lastKnownFileType = sourcecode.swift; path = ProjectDetailView.swift; sourceTree = "<group>"; };
		4441B2730DB9DFA459D4FBA2 /* LicenseService.swift */ = {isa = PBXFileReference; lastKnownFileType = sourcecode.swift; path = LicenseService.swift; sourceTree = "<group>"; };
		4448CFFF7E830271CA6BCED5 /* EmailScanRule.swift */ = {isa = PBXFileReference; lastKnownFileType = sourcecode.swift; path = EmailScanRule.swift; sourceTree = "<group>"; };
		48DD1C12C88BD4E268591904 /* PortalAccessRecord.swift */ = {isa = PBXFileReference; lastKnownFileType = sourcecode.swift; path = PortalAccessRecord.swift; sourceTree = "<group>"; };
		48F8B3D8F49202EB1F5C7913 /* UISmokeCRUDTests.swift */ = {isa = PBXFileReference; lastKnownFileType = sourcecode.swift; path = UISmokeCRUDTests.swift; sourceTree = "<group>"; };
		49C40EDA92AF620E53721593 /* EnrichmentQueueItem.swift */ = {isa = PBXFileReference; lastKnownFileType = sourcecode.swift; path = EnrichmentQueueItem.swift; sourceTree = "<group>"; };
		4A4004166840F7FE3EEA205D /* CRMTask+Airtable.swift */ = {isa = PBXFileReference; lastKnownFileType = sourcecode.swift; path = "CRMTask+Airtable.swift"; sourceTree = "<group>"; };
		4AE64E65874DA7EEAD56BA2C /* PortalAccessRecord+Airtable.swift */ = {isa = PBXFileReference; lastKnownFileType = sourcecode.swift; path = "PortalAccessRecord+Airtable.swift"; sourceTree = "<group>"; };
		4CFC604A95E0A130C6EAFC7C /* Contact.swift */ = {isa = PBXFileReference; lastKnownFileType = sourcecode.swift; path = Contact.swift; sourceTree = "<group>"; };
		4FDA840FF5AF406DDFBC5E2F /* EnrichmentDetailView.swift */ = {isa = PBXFileReference; lastKnownFileType = sourcecode.swift; path = EnrichmentDetailView.swift; sourceTree = "<group>"; };
		52B1B436042A8E098AF0ABA6 /* AirtableConfig.swift */ = {isa = PBXFileReference; lastKnownFileType = sourcecode.swift; path = AirtableConfig.swift; sourceTree = "<group>"; };
		52D0ECF95266B0099FA8C004 /* Proposal+Airtable.swift */ = {isa = PBXFileReference; lastKnownFileType = sourcecode.swift; path = "Proposal+Airtable.swift"; sourceTree = "<group>"; };
		58CE9F45A1B999C143E2F3AA /* OfflineLockView.swift */ = {isa = PBXFileReference; lastKnownFileType = sourcecode.swift; path = OfflineLockView.swift; sourceTree = "<group>"; };
		5CE5BF78A83434AD89F1FFCD /* LinkedRecordPicker.swift */ = {isa = PBXFileReference; lastKnownFileType = sourcecode.swift; path = LinkedRecordPicker.swift; sourceTree = "<group>"; };
		5E0C38FCC1781130B2EA6A71 /* RevokedView.swift */ = {isa = PBXFileReference; lastKnownFileType = sourcecode.swift; path = RevokedView.swift; sourceTree = "<group>"; };
		61CB5E3E355D02DA192DFBF5 /* iOSContactsView.swift */ = {isa = PBXFileReference; lastKnownFileType = sourcecode.swift; path = iOSContactsView.swift; sourceTree = "<group>"; };
		644D3A1C5342DEBB127507D3 /* EmailScanEngine.swift */ = {isa = PBXFileReference; lastKnownFileType = sourcecode.swift; path = EmailScanEngine.swift; sourceTree = "<group>"; };
		649C44D1AA43D3C6B31DC0B2 /* Company.swift */ = {isa = PBXFileReference; lastKnownFileType = sourcecode.swift; path = Company.swift; sourceTree = "<group>"; };
		65576474EA39607893CC6541 /* ILS CRM Tests.xctest */ = {isa = PBXFileReference; explicitFileType = wrapper.cfbundle; includeInIndex = 0; path = "ILS CRM Tests.xctest"; sourceTree = BUILT_PRODUCTS_DIR; };
		668D676CC891E3198DACD13B /* TaskDetailView.swift */ = {isa = PBXFileReference; lastKnownFileType = sourcecode.swift; path = TaskDetailView.swift; sourceTree = "<group>"; };
		66D7C2ED321ED09895486FDF /* CompanyDetailView.swift */ = {isa = PBXFileReference; lastKnownFileType = sourcecode.swift; path = CompanyDetailView.swift; sourceTree = "<group>"; };
		67C683F26915642FCBFD399A /* SyncEngine.swift */ = {isa = PBXFileReference; lastKnownFileType = sourcecode.swift; path = SyncEngine.swift; sourceTree = "<group>"; };
		68503FBF62BB4C58531F734C /* Interaction.swift */ = {isa = PBXFileReference; lastKnownFileType = sourcecode.swift; path = Interaction.swift; sourceTree = "<group>"; };
		696DE13DE7B99602E39BA2F6 /* ClaudeClient.swift */ = {isa = PBXFileReference; lastKnownFileType = sourcecode.swift; path = ClaudeClient.swift; sourceTree = "<group>"; };
		6ABE86523821B3FCDB6E53E5 /* Specialty+Airtable.swift */ = {isa = PBXFileReference; lastKnownFileType = sourcecode.swift; path = "Specialty+Airtable.swift"; sourceTree = "<group>"; };
		71C07D862A21FBBB8121DAE0 /* Project+Airtable.swift */ = {isa = PBXFileReference; lastKnownFileType = sourcecode.swift; path = "Project+Airtable.swift"; sourceTree = "<group>"; };
		77BD5729BF2FB116515E6ECF /* AirtableConvertible.swift */ = {isa = PBXFileReference; lastKnownFileType = sourcecode.swift; path = AirtableConvertible.swift; sourceTree = "<group>"; };
		794C572B0816746F1F6DD1EF /* Opportunity+Airtable.swift */ = {isa = PBXFileReference; lastKnownFileType = sourcecode.swift; path = "Opportunity+Airtable.swift"; sourceTree = "<group>"; };
		7B7890DD79DA9A6657609855 /* ImportedContact.swift */ = {isa = PBXFileReference; lastKnownFileType = sourcecode.swift; path = ImportedContact.swift; sourceTree = "<group>"; };
		7C8D1B1FEA4C806594AAE1EA /* Contact+Airtable.swift */ = {isa = PBXFileReference; lastKnownFileType = sourcecode.swift; path = "Contact+Airtable.swift"; sourceTree = "<group>"; };
		7D1B5E5FF33E83DA5A5378A5 /* GmailAPIClient.swift */ = {isa = PBXFileReference; lastKnownFileType = sourcecode.swift; path = GmailAPIClient.swift; sourceTree = "<group>"; };
		7D57C205199B792B326959B6 /* DetailComponents.swift */ = {isa = PBXFileReference; lastKnownFileType = sourcecode.swift; path = DetailComponents.swift; sourceTree = "<group>"; };
		7E68D5043BE22F9B14CBFD85 /* NeonComponents.swift */ = {isa = PBXFileReference; lastKnownFileType = sourcecode.swift; path = NeonComponents.swift; sourceTree = "<group>"; };
		80AAFC4F81B96A6478FEDDBA /* ImportedContactDetailView.swift */ = {isa = PBXFileReference; lastKnownFileType = sourcecode.swift; path = ImportedContactDetailView.swift; sourceTree = "<group>"; };
		85950CF9B09800B62F3CDD4D /* iOSTaskFormView.swift */ = {isa = PBXFileReference; lastKnownFileType = sourcecode.swift; path = iOSTaskFormView.swift; sourceTree = "<group>"; };
		89C658F412AEC8BC5883E5EA /* CRMTask.swift */ = {isa = PBXFileReference; lastKnownFileType = sourcecode.swift; path = CRMTask.swift; sourceTree = "<group>"; };
		8AA5E8114E123796534ED260 /* BentoComponents.swift */ = {isa = PBXFileReference; lastKnownFileType = sourcecode.swift; path = BentoComponents.swift; sourceTree = "<group>"; };
		8D68C7F1FA49E86B89C127B6 /* InteractionDetailView.swift */ = {isa = PBXFileReference; lastKnownFileType = sourcecode.swift; path = InteractionDetailView.swift; sourceTree = "<group>"; };
		8D96D2BC1E800E6DDB53467B /* EmailClassifier.swift */ = {isa = PBXFileReference; lastKnownFileType = sourcecode.swift; path = EmailClassifier.swift; sourceTree = "<group>"; };
		91E7DA8774A3960554DDDB99 /* ImportedContact+Airtable.swift */ = {isa = PBXFileReference; lastKnownFileType = sourcecode.swift; path = "ImportedContact+Airtable.swift"; sourceTree = "<group>"; };
		9270D2C7DC2115B929126C4E /* PortalAccessDetailView.swift */ = {isa = PBXFileReference; lastKnownFileType = sourcecode.swift; path = PortalAccessDetailView.swift; sourceTree = "<group>"; };
		93139863B859A2E429AC26CE /* ILSCRMApp.swift */ = {isa = PBXFileReference; lastKnownFileType = sourcecode.swift; path = ILSCRMApp.swift; sourceTree = "<group>"; };
		931ED47893850975AFBC12A0 /* ContactsView.swift */ = {isa = PBXFileReference; lastKnownFileType = sourcecode.swift; path = ContactsView.swift; sourceTree = "<group>"; };
		96E233D4EA498B4D591789D1 /* PortalLog.swift */ = {isa = PBXFileReference; lastKnownFileType = sourcecode.swift; path = PortalLog.swift; sourceTree = "<group>"; };
		96F0EDB8CA3140A4F57B090F /* PlatformHelpers.swift */ = {isa = PBXFileReference; lastKnownFileType = sourcecode.swift; path = PlatformHelpers.swift; sourceTree = "<group>"; };
		99535FE1159A16F2D4297A81 /* ContactDetailView.swift */ = {isa = PBXFileReference; lastKnownFileType = sourcecode.swift; path = ContactDetailView.swift; sourceTree = "<group>"; };
		9A75252E01322E065A8492CA /* iOSTaskDetailView.swift */ = {isa = PBXFileReference; lastKnownFileType = sourcecode.swift; path = iOSTaskDetailView.swift; sourceTree = "<group>"; };
		A03C236DE53FBBF03AFC9BBE /* PersonRate.swift */ = {isa = PBXFileReference; lastKnownFileType = sourcecode.swift; path = PersonRate.swift; sourceTree = "<group>"; };
		A09B51751718308565E912A8 /* EditableAvatarView.swift */ = {isa = PBXFileReference; lastKnownFileType = sourcecode.swift; path = EditableAvatarView.swift; sourceTree = "<group>"; };
		A1A161B8DCBD0CDF39AAA10C /* SharedComponents.swift */ = {isa = PBXFileReference; lastKnownFileType = sourcecode.swift; path = SharedComponents.swift; sourceTree = "<group>"; };
		A49F9AFC3A3BFE5B1C86EAC7 /* ImportedContactsView.swift */ = {isa = PBXFileReference; lastKnownFileType = sourcecode.swift; path = ImportedContactsView.swift; sourceTree = "<group>"; };
		A5F055B58CBACC91E93393F4 /* ILS CRM UITests.xctest */ = {isa = PBXFileReference; explicitFileType = wrapper.cfbundle; includeInIndex = 0; path = "ILS CRM UITests.xctest"; sourceTree = BUILT_PRODUCTS_DIR; };
		A85AC6A57D105A7C7B62A7BD /* Specialty.swift */ = {isa = PBXFileReference; lastKnownFileType = sourcecode.swift; path = Specialty.swift; sourceTree = "<group>"; };
		AC5CD50B3294A213BF296FBD /* Info.plist */ = {isa = PBXFileReference; lastKnownFileType = text.plist; path = Info.plist; sourceTree = "<group>"; };
		AD5AC5FD0C4B654A1AC21455 /* Opportunity.swift */ = {isa = PBXFileReference; lastKnownFileType = sourcecode.swift; path = Opportunity.swift; sourceTree = "<group>"; };
		AD5D973A49C023D1EE389F0F /* CommandPaletteView.swift */ = {isa = PBXFileReference; lastKnownFileType = sourcecode.swift; path = CommandPaletteView.swift; sourceTree = "<group>"; };
		AE328CDB7778A8F47EAA9F53 /* GmailSettingsSection.swift */ = {isa = PBXFileReference; lastKnownFileType = sourcecode.swift; path = GmailSettingsSection.swift; sourceTree = "<group>"; };
		B1AB4AC70FDF9110FCC9AC88 /* AirtableCRUDTests.swift */ = {isa = PBXFileReference; lastKnownFileType = sourcecode.swift; path = AirtableCRUDTests.swift; sourceTree = "<group>"; };
		B46488C4FC77689E54BDF129 /* InteractionsView.swift */ = {isa = PBXFileReference; lastKnownFileType = sourcecode.swift; path = InteractionsView.swift; sourceTree = "<group>"; };
		B6A17675D518A087D5687C46 /* Proposal.swift */ = {isa = PBXFileReference; lastKnownFileType = sourcecode.swift; path = Proposal.swift; sourceTree = "<group>"; };
		B893E899F8978EB8138240BE /* EmailScanState.swift */ = {isa = PBXFileReference; lastKnownFileType = sourcecode.swift; path = EmailScanState.swift; sourceTree = "<group>"; };
		BE6980BAD6222D0345E524CD /* EmailRulesEngine.swift */ = {isa = PBXFileReference; lastKnownFileType = sourcecode.swift; path = EmailRulesEngine.swift; sourceTree = "<group>"; };
		C59EBB89A28F4676116D8A6D /* ProjectsView.swift */ = {isa = PBXFileReference; lastKnownFileType = sourcecode.swift; path = ProjectsView.swift; sourceTree = "<group>"; };
		C64BA68513C875444438907A /* ILS_CRM_UITests.swift */ = {isa = PBXFileReference; lastKnownFileType = sourcecode.swift; path = ILS_CRM_UITests.swift; sourceTree = "<group>"; };
		C6F940D1601214B19B51F716 /* TasksView.swift */ = {isa = PBXFileReference; lastKnownFileType = sourcecode.swift; path = TasksView.swift; sourceTree = "<group>"; };
		C847C132CA2DCF079D443545 /* iOSCompaniesView.swift */ = {isa = PBXFileReference; lastKnownFileType = sourcecode.swift; path = iOSCompaniesView.swift; sourceTree = "<group>"; };
		C97328204D6403F055134FEC /* EmailScanState+Airtable.swift */ = {isa = PBXFileReference; lastKnownFileType = sourcecode.swift; path = "EmailScanState+Airtable.swift"; sourceTree = "<group>"; };
		CDA67E7B40071D4AE31F92F9 /* ClientPage.swift */ = {isa = PBXFileReference; lastKnownFileType = sourcecode.swift; path = ClientPage.swift; sourceTree = "<group>"; };
		CEC219544CB05E05EE4243BB /* RateCard.swift */ = {isa = PBXFileReference; lastKnownFileType = sourcecode.swift; path = RateCard.swift; sourceTree = "<group>"; };
		D062D8686378D6EEA73166F2 /* EmailUtils.swift */ = {isa = PBXFileReference; lastKnownFileType = sourcecode.swift; path = EmailUtils.swift; sourceTree = "<group>"; };
		D0BF49F209CD2BD1A81E13CB /* Company+Airtable.swift */ = {isa = PBXFileReference; lastKnownFileType = sourcecode.swift; path = "Company+Airtable.swift"; sourceTree = "<group>"; };
		D16508BB0F462650F6DA3D4D /* PipelineView.swift */ = {isa = PBXFileReference; lastKnownFileType = sourcecode.swift; path = PipelineView.swift; sourceTree = "<group>"; };
		D766042D9087DFD6757ACB42 /* SettingsView.swift */ = {isa = PBXFileReference; lastKnownFileType = sourcecode.swift; path = SettingsView.swift; sourceTree = "<group>"; };
		DDE9055973A1EBB0A158FA3B /* ILS CRM iOS.entitlements */ = {isa = PBXFileReference; lastKnownFileType = text.plist.entitlements; path = "ILS CRM iOS.entitlements"; sourceTree = "<group>"; };
		DE314248FE2D8796FC6CF433 /* Project.swift */ = {isa = PBXFileReference; lastKnownFileType = sourcecode.swift; path = Project.swift; sourceTree = "<group>"; };
		DFFDA42D74F4FFE80986174F /* GrantAccessSheet.swift */ = {isa = PBXFileReference; lastKnownFileType = sourcecode.swift; path = GrantAccessSheet.swift; sourceTree = "<group>"; };
		E0AD484B882AECF1ABE3213F /* DashboardView.swift */ = {isa = PBXFileReference; lastKnownFileType = sourcecode.swift; path = DashboardView.swift; sourceTree = "<group>"; };
		E2746020D99157EA5E25E51C /* SuggestionReviewForm.swift */ = {isa = PBXFileReference; lastKnownFileType = sourcecode.swift; path = SuggestionReviewForm.swift; sourceTree = "<group>"; };
		E33304DE2A8B008C7C3F330F /* FramerHealthService.swift */ = {isa = PBXFileReference; lastKnownFileType = sourcecode.swift; path = FramerHealthService.swift; sourceTree = "<group>"; };
		E6073CD44784B64287F728E7 /* ProposalDetailView.swift */ = {isa = PBXFileReference; lastKnownFileType = sourcecode.swift; path = ProposalDetailView.swift; sourceTree = "<group>"; };
		ED59216158DF4769EFB6BD74 /* CompaniesView.swift */ = {isa = PBXFileReference; lastKnownFileType = sourcecode.swift; path = CompaniesView.swift; sourceTree = "<group>"; };
		F0601ACB05655FA5DD47D538 /* iOSSettingsView.swift */ = {isa = PBXFileReference; lastKnownFileType = sourcecode.swift; path = iOSSettingsView.swift; sourceTree = "<group>"; };
		F314F3062428983FA086B791 /* ILS CRM.app */ = {isa = PBXFileReference; includeInIndex = 0; lastKnownFileType = wrapper.application; path = "ILS CRM.app"; sourceTree = BUILT_PRODUCTS_DIR; };
		F42F3829BAEFC9576877253A /* LinkedRecordResolver.swift */ = {isa = PBXFileReference; lastKnownFileType = sourcecode.swift; path = LinkedRecordResolver.swift; sourceTree = "<group>"; };
		F502ADB5929B8F24523FF64E /* TaskFormView.swift */ = {isa = PBXFileReference; lastKnownFileType = sourcecode.swift; path = TaskFormView.swift; sourceTree = "<group>"; };
		F60D57910CECCCE026753048 /* EnrichmentQueueItem+Airtable.swift */ = {isa = PBXFileReference; lastKnownFileType = sourcecode.swift; path = "EnrichmentQueueItem+Airtable.swift"; sourceTree = "<group>"; };
		F95308B83FB85C8EA4E85002 /* EmailScanRule+Airtable.swift */ = {isa = PBXFileReference; lastKnownFileType = sourcecode.swift; path = "EmailScanRule+Airtable.swift"; sourceTree = "<group>"; };
		FC11BC24156F91A74A9D5038 /* iOSContentView.swift */ = {isa = PBXFileReference; lastKnownFileType = sourcecode.swift; path = iOSContentView.swift; sourceTree = "<group>"; };
/* End PBXFileReference section */

/* Begin PBXGroup section */
		019076240016EF80C491DA72 /* Settings */ = {
			isa = PBXGroup;
			children = (
				AE328CDB7778A8F47EAA9F53 /* GmailSettingsSection.swift */,
				D766042D9087DFD6757ACB42 /* SettingsView.swift */,
			);
			path = Settings;
			sourceTree = "<group>";
		};
		0739AB8E2C362C728CA6CF61 /* Models */ = {
			isa = PBXGroup;
			children = (
				CDA67E7B40071D4AE31F92F9 /* ClientPage.swift */,
				649C44D1AA43D3C6B31DC0B2 /* Company.swift */,
				4CFC604A95E0A130C6EAFC7C /* Contact.swift */,
				89C658F412AEC8BC5883E5EA /* CRMTask.swift */,
				4448CFFF7E830271CA6BCED5 /* EmailScanRule.swift */,
				B893E899F8978EB8138240BE /* EmailScanState.swift */,
				49C40EDA92AF620E53721593 /* EnrichmentQueueItem.swift */,
				7B7890DD79DA9A6657609855 /* ImportedContact.swift */,
				68503FBF62BB4C58531F734C /* Interaction.swift */,
				AD5AC5FD0C4B654A1AC21455 /* Opportunity.swift */,
				A03C236DE53FBBF03AFC9BBE /* PersonRate.swift */,
				48DD1C12C88BD4E268591904 /* PortalAccessRecord.swift */,
				96E233D4EA498B4D591789D1 /* PortalLog.swift */,
				DE314248FE2D8796FC6CF433 /* Project.swift */,
				B6A17675D518A087D5687C46 /* Proposal.swift */,
				CEC219544CB05E05EE4243BB /* RateCard.swift */,
				A85AC6A57D105A7C7B62A7BD /* Specialty.swift */,
				16EC5F4258AC125E81A84077 /* Converters */,
			);
			path = Models;
			sourceTree = "<group>";
		};
		16EC5F4258AC125E81A84077 /* Converters */ = {
			isa = PBXGroup;
			children = (
				77BD5729BF2FB116515E6ECF /* AirtableConvertible.swift */,
				316C309AD146E8B39E732EC0 /* ClientPage+Airtable.swift */,
				D0BF49F209CD2BD1A81E13CB /* Company+Airtable.swift */,
				7C8D1B1FEA4C806594AAE1EA /* Contact+Airtable.swift */,
				4A4004166840F7FE3EEA205D /* CRMTask+Airtable.swift */,
				F95308B83FB85C8EA4E85002 /* EmailScanRule+Airtable.swift */,
				C97328204D6403F055134FEC /* EmailScanState+Airtable.swift */,
				F60D57910CECCCE026753048 /* EnrichmentQueueItem+Airtable.swift */,
				91E7DA8774A3960554DDDB99 /* ImportedContact+Airtable.swift */,
				1251BF67D5DE50CE8268415C /* Interaction+Airtable.swift */,
				794C572B0816746F1F6DD1EF /* Opportunity+Airtable.swift */,
				171BB5B858B9B2AF671B147F /* PersonRate+Airtable.swift */,
				4AE64E65874DA7EEAD56BA2C /* PortalAccessRecord+Airtable.swift */,
				2332EC94CCF5578B28B91245 /* PortalLog+Airtable.swift */,
				71C07D862A21FBBB8121DAE0 /* Project+Airtable.swift */,
				52D0ECF95266B0099FA8C004 /* Proposal+Airtable.swift */,
				1A81701527DF8CABEDA5E3DF /* RateCard+Airtable.swift */,
				6ABE86523821B3FCDB6E53E5 /* Specialty+Airtable.swift */,
			);
			path = Converters;
			sourceTree = "<group>";
		};
		1FBB55DD65CFF405F6D13377 /* Proposals */ = {
			isa = PBXGroup;
			children = (
				E6073CD44784B64287F728E7 /* ProposalDetailView.swift */,
				20E951223991FB76B8FAB891 /* ProposalsView.swift */,
			);
			path = Proposals;
			sourceTree = "<group>";
		};
		339D803B4C8F401D46F93A87 /* ILS CRM */ = {
			isa = PBXGroup;
			children = (
				1D79A18DA5B69A3631FCE00A /* Assets.xcassets */,
				DDE9055973A1EBB0A158FA3B /* ILS CRM iOS.entitlements */,
				094525C470C3BD376958467D /* ILS CRM.entitlements */,
				93139863B859A2E429AC26CE /* ILSCRMApp.swift */,
				AC5CD50B3294A213BF296FBD /* Info.plist */,
				EACADD712D74D61B157B995A /* Config */,
				0739AB8E2C362C728CA6CF61 /* Models */,
				536F00622C89ADBFEC53579C /* Services */,
				C54A7FDFC621CF7A40A3E4E0 /* Utils */,
				5AB426CC5D26CEF2C1212276 /* Views */,
			);
			path = "ILS CRM";
			sourceTree = "<group>";
		};
		3FAE8029604208A486DF1C10 /* Contacts */ = {
			isa = PBXGroup;
			children = (
				99535FE1159A16F2D4297A81 /* ContactDetailView.swift */,
				931ED47893850975AFBC12A0 /* ContactsView.swift */,
			);
			path = Contacts;
			sourceTree = "<group>";
		};
		495AB2326DEFF9F68C0C7703 /* Shared */ = {
			isa = PBXGroup;
			children = (
				8AA5E8114E123796534ED260 /* BentoComponents.swift */,
				AD5D973A49C023D1EE389F0F /* CommandPaletteView.swift */,
				7D57C205199B792B326959B6 /* DetailComponents.swift */,
				A09B51751718308565E912A8 /* EditableAvatarView.swift */,
				5CE5BF78A83434AD89F1FFCD /* LinkedRecordPicker.swift */,
				A1A161B8DCBD0CDF39AAA10C /* SharedComponents.swift */,
			);
			path = Shared;
			sourceTree = "<group>";
		};
		4A208AB2419EE1537C804FAF /* ILS CRM UITests */ = {
			isa = PBXGroup;
			children = (
				C64BA68513C875444438907A /* ILS_CRM_UITests.swift */,
				48F8B3D8F49202EB1F5C7913 /* UISmokeCRUDTests.swift */,
			);
			path = "ILS CRM UITests";
			sourceTree = "<group>";
		};
		4A56914B3E3FFF4331958871 = {
			isa = PBXGroup;
			children = (
				339D803B4C8F401D46F93A87 /* ILS CRM */,
				6EA0BA3F0B9F3CA82DD5CD75 /* ILS CRM Tests */,
				4A208AB2419EE1537C804FAF /* ILS CRM UITests */,
				AE72CAFF765D498C5278F9CE /* Products */,
			);
			sourceTree = "<group>";
		};
		4DF14430D84B883019A56BB0 /* Dashboard */ = {
			isa = PBXGroup;
			children = (
				E0AD484B882AECF1ABE3213F /* DashboardView.swift */,
			);
			path = Dashboard;
			sourceTree = "<group>";
		};
		536F00622C89ADBFEC53579C /* Services */ = {
			isa = PBXGroup;
			children = (
				0626CFBCA68B78CCAE3A5BD7 /* AirtableService.swift */,
				2D01AC9627DB2EC046865779 /* AppStateManager.swift */,
				696DE13DE7B99602E39BA2F6 /* ClaudeClient.swift */,
				8D96D2BC1E800E6DDB53467B /* EmailClassifier.swift */,
				BE6980BAD6222D0345E524CD /* EmailRulesEngine.swift */,
				644D3A1C5342DEBB127507D3 /* EmailScanEngine.swift */,
				D062D8686378D6EEA73166F2 /* EmailUtils.swift */,
				E33304DE2A8B008C7C3F330F /* FramerHealthService.swift */,
				7D1B5E5FF33E83DA5A5378A5 /* GmailAPIClient.swift */,
				076BABE0F288BDC4F616814D /* GmailOAuthService.swift */,
				0D61957FDC2F8FA3F91FE036 /* KeychainService.swift */,
				4441B2730DB9DFA459D4FBA2 /* LicenseService.swift */,
				67C683F26915642FCBFD399A /* SyncEngine.swift */,
			);
			path = Services;
			sourceTree = "<group>";
		};
		5AB426CC5D26CEF2C1212276 /* Views */ = {
			isa = PBXGroup;
			children = (
				2DD07A3581FA6F5DB4CCD50E /* ContentView.swift */,
				778B127DB35576970E8CC5BE /* Auth */,
				D569B2B738B71B94E1B6745C /* Companies */,
				3FAE8029604208A486DF1C10 /* Contacts */,
				4DF14430D84B883019A56BB0 /* Dashboard */,
				D690F441BF7CA5615EEA1105 /* ImportedContacts */,
				813D021CA84C3CF558E5976A /* Interactions */,
				C3D389AD805912322F1761C7 /* iOS */,
				5B036022E3871792F64A1134 /* Pipeline */,
				F79B3624DB335DE732BBD914 /* Portal */,
				6A233D1FFAD3C43BDFCEAB8C /* Projects */,
				1FBB55DD65CFF405F6D13377 /* Proposals */,
				019076240016EF80C491DA72 /* Settings */,
				495AB2326DEFF9F68C0C7703 /* Shared */,
				5CE19A53ECBEF830025AE7E0 /* Tasks */,
			);
			path = Views;
			sourceTree = "<group>";
		};
		5B036022E3871792F64A1134 /* Pipeline */ = {
			isa = PBXGroup;
			children = (
				2B819D1D3D6D5D6224EA6059 /* OpportunityDetailView.swift */,
				D16508BB0F462650F6DA3D4D /* PipelineView.swift */,
			);
			path = Pipeline;
			sourceTree = "<group>";
		};
		5CE19A53ECBEF830025AE7E0 /* Tasks */ = {
			isa = PBXGroup;
			children = (
				668D676CC891E3198DACD13B /* TaskDetailView.swift */,
				F502ADB5929B8F24523FF64E /* TaskFormView.swift */,
				C6F940D1601214B19B51F716 /* TasksView.swift */,
			);
			path = Tasks;
			sourceTree = "<group>";
		};
		6A233D1FFAD3C43BDFCEAB8C /* Projects */ = {
			isa = PBXGroup;
			children = (
				41AEF7B9304DFAE44834536F /* ProjectDetailView.swift */,
				C59EBB89A28F4676116D8A6D /* ProjectsView.swift */,
			);
			path = Projects;
			sourceTree = "<group>";
		};
		6EA0BA3F0B9F3CA82DD5CD75 /* ILS CRM Tests */ = {
			isa = PBXGroup;
			children = (
				B1AB4AC70FDF9110FCC9AC88 /* AirtableCRUDTests.swift */,
			);
			path = "ILS CRM Tests";
			sourceTree = "<group>";
		};
		778B127DB35576970E8CC5BE /* Auth */ = {
			isa = PBXGroup;
			children = (
				58CE9F45A1B999C143E2F3AA /* OfflineLockView.swift */,
				5E0C38FCC1781130B2EA6A71 /* RevokedView.swift */,
			);
			path = Auth;
			sourceTree = "<group>";
		};
		813D021CA84C3CF558E5976A /* Interactions */ = {
			isa = PBXGroup;
			children = (
				8D68C7F1FA49E86B89C127B6 /* InteractionDetailView.swift */,
				B46488C4FC77689E54BDF129 /* InteractionsView.swift */,
			);
			path = Interactions;
			sourceTree = "<group>";
		};
		AE72CAFF765D498C5278F9CE /* Products */ = {
			isa = PBXGroup;
			children = (
				65576474EA39607893CC6541 /* ILS CRM Tests.xctest */,
				A5F055B58CBACC91E93393F4 /* ILS CRM UITests.xctest */,
				F314F3062428983FA086B791 /* ILS CRM.app */,
			);
			name = Products;
			sourceTree = "<group>";
		};
		C3D389AD805912322F1761C7 /* iOS */ = {
			isa = PBXGroup;
			children = (
				C847C132CA2DCF079D443545 /* iOSCompaniesView.swift */,
				61CB5E3E355D02DA192DFBF5 /* iOSContactsView.swift */,
				FC11BC24156F91A74A9D5038 /* iOSContentView.swift */,
				F0601ACB05655FA5DD47D538 /* iOSSettingsView.swift */,
				9A75252E01322E065A8492CA /* iOSTaskDetailView.swift */,
				85950CF9B09800B62F3CDD4D /* iOSTaskFormView.swift */,
				0AA4CE6B7DD263E94CF89FE4 /* iOSTasksView.swift */,
				7E68D5043BE22F9B14CBFD85 /* NeonComponents.swift */,
			);
			path = iOS;
			sourceTree = "<group>";
		};
		C54A7FDFC621CF7A40A3E4E0 /* Utils */ = {
			isa = PBXGroup;
			children = (
				F42F3829BAEFC9576877253A /* LinkedRecordResolver.swift */,
				96F0EDB8CA3140A4F57B090F /* PlatformHelpers.swift */,
			);
			path = Utils;
			sourceTree = "<group>";
		};
		D569B2B738B71B94E1B6745C /* Companies */ = {
			isa = PBXGroup;
			children = (
				ED59216158DF4769EFB6BD74 /* CompaniesView.swift */,
				66D7C2ED321ED09895486FDF /* CompanyDetailView.swift */,
			);
			path = Companies;
			sourceTree = "<group>";
		};
		D690F441BF7CA5615EEA1105 /* ImportedContacts */ = {
			isa = PBXGroup;
			children = (
				4FDA840FF5AF406DDFBC5E2F /* EnrichmentDetailView.swift */,
				80AAFC4F81B96A6478FEDDBA /* ImportedContactDetailView.swift */,
				A49F9AFC3A3BFE5B1C86EAC7 /* ImportedContactsView.swift */,
				E2746020D99157EA5E25E51C /* SuggestionReviewForm.swift */,
			);
			path = ImportedContacts;
			sourceTree = "<group>";
		};
		EACADD712D74D61B157B995A /* Config */ = {
			isa = PBXGroup;
			children = (
				52B1B436042A8E098AF0ABA6 /* AirtableConfig.swift */,
			);
			path = Config;
			sourceTree = "<group>";
		};
		F79B3624DB335DE732BBD914 /* Portal */ = {
			isa = PBXGroup;
			children = (
				DFFDA42D74F4FFE80986174F /* GrantAccessSheet.swift */,
				9270D2C7DC2115B929126C4E /* PortalAccessDetailView.swift */,
				115F65F8E51ACDA30BB96E73 /* PortalAccessView.swift */,
				08FE20CAB9B28C725C9A7AFD /* PortalLogsView.swift */,
			);
			path = Portal;
			sourceTree = "<group>";
		};
/* End PBXGroup section */

/* Begin PBXNativeTarget section */
		4CDF06EFDDA8A408714299C4 /* ILS CRM */ = {
			isa = PBXNativeTarget;
			buildConfigurationList = 302AAD24925A787749ABD34C /* Build configuration list for PBXNativeTarget "ILS CRM" */;
			buildPhases = (
				AA2416BA9F42A3A943184DCB /* Sources */,
				2F0D69DEA0CD6F7868F4C23C /* Resources */,
			);
			buildRules = (
			);
			dependencies = (
			);
			name = "ILS CRM";
			packageProductDependencies = (
			);
			productName = "ILS CRM";
			productReference = F314F3062428983FA086B791 /* ILS CRM.app */;
			productType = "com.apple.product-type.application";
		};
		5D233A71CBAC41879B6B78EC /* ILS CRM UITests */ = {
			isa = PBXNativeTarget;
			buildConfigurationList = 7077C574633279B1FC34381C /* Build configuration list for PBXNativeTarget "ILS CRM UITests" */;
			buildPhases = (
				45C18BC8514ED81EE5A1EFA3 /* Sources */,
			);
			buildRules = (
			);
			dependencies = (
				2BA2A9D8336D26F290FD2395 /* PBXTargetDependency */,
			);
			name = "ILS CRM UITests";
			packageProductDependencies = (
			);
			productName = "ILS CRM UITests";
			productReference = A5F055B58CBACC91E93393F4 /* ILS CRM UITests.xctest */;
			productType = "com.apple.product-type.bundle.ui-testing";
		};
		6192C5A444A3BF52783A448A /* ILS CRM Tests */ = {
			isa = PBXNativeTarget;
			buildConfigurationList = CBE92C43AEB1ED3FE3224855 /* Build configuration list for PBXNativeTarget "ILS CRM Tests" */;
			buildPhases = (
				87B69385DDFE164DA5512D5A /* Sources */,
			);
			buildRules = (
			);
			dependencies = (
				3DACE908ACD249ABF4DE4511 /* PBXTargetDependency */,
			);
			name = "ILS CRM Tests";
			packageProductDependencies = (
			);
			productName = "ILS CRM Tests";
			productReference = 65576474EA39607893CC6541 /* ILS CRM Tests.xctest */;
			productType = "com.apple.product-type.bundle.unit-test";
		};
/* End PBXNativeTarget section */

/* Begin PBXProject section */
		C559CE298287DA202E635C77 /* Project object */ = {
			isa = PBXProject;
			attributes = {
				BuildIndependentTargetsInParallel = YES;
				LastUpgradeCheck = 1430;
				TargetAttributes = {
					4CDF06EFDDA8A408714299C4 = {
						DevelopmentTeam = 8RHA62T6FQ;
						ProvisioningStyle = Automatic;
					};
					5D233A71CBAC41879B6B78EC = {
						TestTargetID = 4CDF06EFDDA8A408714299C4;
					};
				};
			};
			buildConfigurationList = CCD07FC50E3B6BA1F6BC9F4D /* Build configuration list for PBXProject "ILS CRM" */;
			developmentRegion = en;
			hasScannedForEncodings = 0;
			knownRegions = (
				Base,
				en,
			);
			mainGroup = 4A56914B3E3FFF4331958871;
			minimizedProjectReferenceProxies = 1;
			preferredProjectObjectVersion = 77;
			productRefGroup = AE72CAFF765D498C5278F9CE /* Products */;
			projectDirPath = "";
			projectRoot = "";
			targets = (
				4CDF06EFDDA8A408714299C4 /* ILS CRM */,
				6192C5A444A3BF52783A448A /* ILS CRM Tests */,
				5D233A71CBAC41879B6B78EC /* ILS CRM UITests */,
			);
		};
/* End PBXProject section */

/* Begin PBXResourcesBuildPhase section */
		2F0D69DEA0CD6F7868F4C23C /* Resources */ = {
			isa = PBXResourcesBuildPhase;
			buildActionMask = 2147483647;
			files = (
				1CCC821E974F9883EC7189C9 /* Assets.xcassets in Resources */,
			);
			runOnlyForDeploymentPostprocessing = 0;
		};
/* End PBXResourcesBuildPhase section */

/* Begin PBXSourcesBuildPhase section */
		45C18BC8514ED81EE5A1EFA3 /* Sources */ = {
			isa = PBXSourcesBuildPhase;
			buildActionMask = 2147483647;
			files = (
				BC02322F46633F5E380D68DC /* ILS_CRM_UITests.swift in Sources */,
				0A5B4B18C437830933FA900E /* UISmokeCRUDTests.swift in Sources */,
			);
			runOnlyForDeploymentPostprocessing = 0;
		};
		87B69385DDFE164DA5512D5A /* Sources */ = {
			isa = PBXSourcesBuildPhase;
			buildActionMask = 2147483647;
			files = (
				5883B6127874396EA5FFAFA9 /* AirtableCRUDTests.swift in Sources */,
			);
			runOnlyForDeploymentPostprocessing = 0;
		};
		AA2416BA9F42A3A943184DCB /* Sources */ = {
			isa = PBXSourcesBuildPhase;
			buildActionMask = 2147483647;
			files = (
				BCC0A608A777C24598E3D7DA /* AirtableConfig.swift in Sources */,
				55DFA7A044C0B594B5A5354E /* AirtableConvertible.swift in Sources */,
				449038EC80DE762E7082426D /* AirtableService.swift in Sources */,
				B4B487342A3ADC5D920D605A /* AppStateManager.swift in Sources */,
				21FE99C66A073A46002E9CCF /* BentoComponents.swift in Sources */,
				D456DB1C39A4368CBFC3FD11 /* CRMTask+Airtable.swift in Sources */,
				9249063E8DC1713631C37A1E /* CRMTask.swift in Sources */,
				44A07D8E2FAE7E100C551056 /* ClaudeClient.swift in Sources */,
				106ADEB53369675C780A9283 /* ClientPage+Airtable.swift in Sources */,
				B34F2130F324C26103ED67D2 /* ClientPage.swift in Sources */,
				E63201E940F208C1803F662A /* CommandPaletteView.swift in Sources */,
				D34B6650FD638F961DC425B6 /* CompaniesView.swift in Sources */,
				3B9FF2F195EB914F5F66299A /* Company+Airtable.swift in Sources */,
				E37235068B78D011C6790273 /* Company.swift in Sources */,
				ABB8E1147F5AF5C7CCE4BFA4 /* CompanyDetailView.swift in Sources */,
				C5F8BD8560EF6CAA970BE5F2 /* Contact+Airtable.swift in Sources */,
				E5771CEA27AB55A6E7E40925 /* Contact.swift in Sources */,
				A80F73C436A8B1584A4AFD15 /* ContactDetailView.swift in Sources */,
				9352236A6AD9AE0E2128BF50 /* ContactsView.swift in Sources */,
				51BEE4C3427A703E9EA4DE7E /* ContentView.swift in Sources */,
				4BDEC3D95BEB29FA215B7514 /* DashboardView.swift in Sources */,
				94CC5A9D200156BA3D214F91 /* DetailComponents.swift in Sources */,
				732B91B8A241E2C88186FD07 /* EditableAvatarView.swift in Sources */,
				A6B42BD46880906393A2564A /* EmailClassifier.swift in Sources */,
				D6E02ADF58BE1D2947790F72 /* EmailRulesEngine.swift in Sources */,
				03276BB766BE4C76773CD17E /* EmailScanEngine.swift in Sources */,
				C12FCA7AF480E16E345D349E /* EmailScanRule+Airtable.swift in Sources */,
				FCAA9D5C61136176C044B90F /* EmailScanRule.swift in Sources */,
				F9CC88E46E563141C9396386 /* EmailScanState+Airtable.swift in Sources */,
				9E2C3E2D220949F82F056435 /* EmailScanState.swift in Sources */,
				8D0EB9B9A8761235529F474C /* EmailUtils.swift in Sources */,
				3F719188A3B826F2D902CAFF /* EnrichmentDetailView.swift in Sources */,
				226634A2BA1D580839C9183F /* EnrichmentQueueItem+Airtable.swift in Sources */,
				0C68B6CED4D625996A04FCE6 /* EnrichmentQueueItem.swift in Sources */,
				CAF50B0278F5C4463A0040BB /* FramerHealthService.swift in Sources */,
				0CD91819A7E31B4616F65628 /* GmailAPIClient.swift in Sources */,
				BDC869DCC6C1DE44DDD76F31 /* GmailOAuthService.swift in Sources */,
				A5EDD61CAEB53E69ABD6F598 /* GmailSettingsSection.swift in Sources */,
				4D8A7F7ABB4EA5B7DCD2D998 /* GrantAccessSheet.swift in Sources */,
				77DA98C48FFAC15CB020819D /* ILSCRMApp.swift in Sources */,
				4E29CF83F9440DEF732177F2 /* ImportedContact+Airtable.swift in Sources */,
				65C3E1A6C84B7EDD12D1DB4B /* ImportedContact.swift in Sources */,
				5C43F54A5B574A7B450EA2A7 /* ImportedContactDetailView.swift in Sources */,
				B129FFFF82792485422F535E /* ImportedContactsView.swift in Sources */,
				75B0F095EDA9A11DDD93DBAF /* Interaction+Airtable.swift in Sources */,
				3E13C992D90082BF5FF7E24B /* Interaction.swift in Sources */,
				C459EDE201B5326CB856C837 /* InteractionDetailView.swift in Sources */,
				ED94318657AEC4D283753738 /* InteractionsView.swift in Sources */,
				1ACFC5383147C9326C6B6113 /* KeychainService.swift in Sources */,
				30901135097226C483D1DEB2 /* LicenseService.swift in Sources */,
				C5B5C50392B5F43A15EE4217 /* LinkedRecordPicker.swift in Sources */,
				74C73EA268010F1DCB9DDB41 /* LinkedRecordResolver.swift in Sources */,
				BEED2CC256AB9DDD4CC3CDA6 /* NeonComponents.swift in Sources */,
				0754912CF7D6E72BBF046CEC /* OfflineLockView.swift in Sources */,
				FB6619F611CA54671C544752 /* Opportunity+Airtable.swift in Sources */,
				024D905AD69C70469BB2802B /* Opportunity.swift in Sources */,
				A733A762B04063FAE09B39D4 /* OpportunityDetailView.swift in Sources */,
				1ACD9F21CEC2A2C241E970A0 /* PersonRate+Airtable.swift in Sources */,
				12B674423FA4BD14D8822048 /* PersonRate.swift in Sources */,
				DF15F7ABE93D042D8A704882 /* PipelineView.swift in Sources */,
				4995EE71A952D25C4D9CDFC7 /* PlatformHelpers.swift in Sources */,
				8022F098EA4F19DB36D03C07 /* PortalAccessDetailView.swift in Sources */,
				C552F943C9D54741C708C379 /* PortalAccessRecord+Airtable.swift in Sources */,
				4871C164B27F914BCC72CC9C /* PortalAccessRecord.swift in Sources */,
				DA660DAB95967BFA6D23BFD6 /* PortalAccessView.swift in Sources */,
				3BA9C65768304F0629CA653C /* PortalLog+Airtable.swift in Sources */,
				5498D0C4CB1B1F07FFD985B3 /* PortalLog.swift in Sources */,
				32A37AC7A71BCA3C59781505 /* PortalLogsView.swift in Sources */,
				2F2B540BE6651C6070BB48A6 /* Project+Airtable.swift in Sources */,
				1E022A0BD2BA8760C00B2ED4 /* Project.swift in Sources */,
				36EBBB07DE34F8F950564A28 /* ProjectDetailView.swift in Sources */,
				46290C16304DB96B19157EB4 /* ProjectsView.swift in Sources */,
				38AC88CA3F769FD350136A46 /* Proposal+Airtable.swift in Sources */,
				D419FF8EC2A4CE310A6A5FD8 /* Proposal.swift in Sources */,
				79162B82F57DC14B8BC4262A /* ProposalDetailView.swift in Sources */,
				577D8DAFD2F517D9CB1FBE10 /* ProposalsView.swift in Sources */,
				1AC67D7ECC317A8F317D05C0 /* RateCard+Airtable.swift in Sources */,
				D94151C0E0062D7BDA9D7ABF /* RateCard.swift in Sources */,
				F63F2BF32F6391A2F68CAA66 /* RevokedView.swift in Sources */,
				43DC7BE3CE7479FF375655DA /* SettingsView.swift in Sources */,
				5E3277207BAB0C745FF8D7F7 /* SharedComponents.swift in Sources */,
				7476753DF05C0CD03C7076FA /* Specialty+Airtable.swift in Sources */,
				0945ADA4071C21E97B28C933 /* Specialty.swift in Sources */,
				4E0EBF0C0D85BCA62C854718 /* SuggestionReviewForm.swift in Sources */,
				A696ACC6AA8099D470D104DB /* SyncEngine.swift in Sources */,
				35C3F4BEF1740DA2C7220139 /* TaskDetailView.swift in Sources */,
				9F0DE1571922F0514486806B /* TaskFormView.swift in Sources */,
				141E801CD0E7D895A261D4AD /* TasksView.swift in Sources */,
				9B4186CD4291B5DBA471BE0D /* iOSCompaniesView.swift in Sources */,
				658C2CB62500CF27A14D2613 /* iOSContactsView.swift in Sources */,
				F62D67B452DA861BCB0A1585 /* iOSContentView.swift in Sources */,
				A9BE2148A3ECC502D2CF2691 /* iOSSettingsView.swift in Sources */,
				D410C3B2749F903DB6078C21 /* iOSTaskDetailView.swift in Sources */,
				D8293516902E4DDAAFF8E29A /* iOSTaskFormView.swift in Sources */,
				450032A049ABDD89A3DE0BA7 /* iOSTasksView.swift in Sources */,
			);
			runOnlyForDeploymentPostprocessing = 0;
		};
/* End PBXSourcesBuildPhase section */

/* Begin PBXTargetDependency section */
		2BA2A9D8336D26F290FD2395 /* PBXTargetDependency */ = {
			isa = PBXTargetDependency;
			target = 4CDF06EFDDA8A408714299C4 /* ILS CRM */;
			targetProxy = 1DA86CEDC858F0A5EA262783 /* PBXContainerItemProxy */;
		};
		3DACE908ACD249ABF4DE4511 /* PBXTargetDependency */ = {
			isa = PBXTargetDependency;
			target = 4CDF06EFDDA8A408714299C4 /* ILS CRM */;
			targetProxy = 72F7877B421792A8002D1D3D /* PBXContainerItemProxy */;
		};
/* End PBXTargetDependency section */

/* Begin XCBuildConfiguration section */
		04E0D6A9BF16AF107302D332 /* Debug */ = {
			isa = XCBuildConfiguration;
			buildSettings = {
				ASSETCATALOG_COMPILER_APPICON_NAME = AppIcon;
				CODE_SIGNING_ALLOWED = YES;
				CODE_SIGNING_REQUIRED = YES;
				"CODE_SIGN_ENTITLEMENTS[sdk=iphoneos*]" = "ILS CRM/ILS CRM iOS.entitlements";
				"CODE_SIGN_ENTITLEMENTS[sdk=iphonesimulator*]" = "ILS CRM/ILS CRM iOS.entitlements";
				"CODE_SIGN_ENTITLEMENTS[sdk=macosx*]" = "ILS CRM/ILS CRM.entitlements";
				CODE_SIGN_IDENTITY = "Apple Development";
				CODE_SIGN_STYLE = Automatic;
				CURRENT_PROJECT_VERSION = 23;
				DEVELOPMENT_TEAM = 8RHA62T6FQ;
				GENERATE_INFOPLIST_FILE = NO;
				INFOPLIST_FILE = "ILS CRM/Info.plist";
				LD_RUNPATH_SEARCH_PATHS = "$(inherited) @executable_path/../Frameworks";
				MARKETING_VERSION = 1.5.1;
				PRODUCT_BUNDLE_IDENTIFIER = "com.imaginelabstudios.ils-crm";
				SDKROOT = auto;
				SUPPORTED_PLATFORMS = "iphoneos iphonesimulator macosx";
				SUPPORTS_MACCATALYST = NO;
				SUPPORTS_MAC_DESIGNED_FOR_IPHONE_IPAD = NO;
				SUPPORTS_XR_DESIGNED_FOR_IPHONE_IPAD = YES;
				TARGETED_DEVICE_FAMILY = "1,2";
			};
			name = Debug;
		};
		23A8536E7C95BA2738222BB4 /* Release */ = {
			isa = XCBuildConfiguration;
			buildSettings = {
				ALWAYS_SEARCH_USER_PATHS = NO;
				CLANG_ANALYZER_NONNULL = YES;
				CLANG_ANALYZER_NUMBER_OBJECT_CONVERSION = YES_AGGRESSIVE;
				CLANG_CXX_LANGUAGE_STANDARD = "gnu++14";
				CLANG_CXX_LIBRARY = "libc++";
				CLANG_ENABLE_MODULES = YES;
				CLANG_ENABLE_OBJC_ARC = YES;
				CLANG_ENABLE_OBJC_WEAK = YES;
				CLANG_WARN_BLOCK_CAPTURE_AUTORELEASING = YES;
				CLANG_WARN_BOOL_CONVERSION = YES;
				CLANG_WARN_COMMA = YES;
				CLANG_WARN_CONSTANT_CONVERSION = YES;
				CLANG_WARN_DEPRECATED_OBJC_IMPLEMENTATIONS = YES;
				CLANG_WARN_DIRECT_OBJC_ISA_USAGE = YES_ERROR;
				CLANG_WARN_DOCUMENTATION_COMMENTS = YES;
				CLANG_WARN_EMPTY_BODY = YES;
				CLANG_WARN_ENUM_CONVERSION = YES;
				CLANG_WARN_INFINITE_RECURSION = YES;
				CLANG_WARN_INT_CONVERSION = YES;
				CLANG_WARN_NON_LITERAL_NULL_CONVERSION = YES;
				CLANG_WARN_OBJC_IMPLICIT_RETAIN_SELF = YES;
				CLANG_WARN_OBJC_LITERAL_CONVERSION = YES;
				CLANG_WARN_OBJC_ROOT_CLASS = YES_ERROR;
				CLANG_WARN_QUOTED_INCLUDE_IN_FRAMEWORK_HEADER = YES;
				CLANG_WARN_RANGE_LOOP_ANALYSIS = YES;
				CLANG_WARN_STRICT_PROTOTYPES = YES;
				CLANG_WARN_SUSPICIOUS_MOVE = YES;
				CLANG_WARN_UNGUARDED_AVAILABILITY = YES_AGGRESSIVE;
				CLANG_WARN_UNREACHABLE_CODE = YES;
				CLANG_WARN__DUPLICATE_METHOD_MATCH = YES;
				COPY_PHASE_STRIP = NO;
				DEBUG_INFORMATION_FORMAT = "dwarf-with-dsym";
				ENABLE_NS_ASSERTIONS = NO;
				ENABLE_STRICT_OBJC_MSGSEND = YES;
				GCC_C_LANGUAGE_STANDARD = gnu11;
				GCC_NO_COMMON_BLOCKS = YES;
				GCC_WARN_64_TO_32_BIT_CONVERSION = YES;
				GCC_WARN_ABOUT_RETURN_TYPE = YES_ERROR;
				GCC_WARN_UNDECLARED_SELECTOR = YES;
				GCC_WARN_UNINITIALIZED_AUTOS = YES_AGGRESSIVE;
				GCC_WARN_UNUSED_FUNCTION = YES;
				GCC_WARN_UNUSED_VARIABLE = YES;
				IPHONEOS_DEPLOYMENT_TARGET = 17.0;
				MACOSX_DEPLOYMENT_TARGET = 14.0;
				MTL_ENABLE_DEBUG_INFO = NO;
				MTL_FAST_MATH = YES;
				PRODUCT_NAME = "$(TARGET_NAME)";
				SWIFT_COMPILATION_MODE = wholemodule;
				SWIFT_OPTIMIZATION_LEVEL = "-O";
				SWIFT_STRICT_CONCURRENCY = targeted;
				SWIFT_VERSION = 5;
			};
			name = Release;
		};
		53D247D4932A8920EA8B196D /* Debug */ = {
			isa = XCBuildConfiguration;
			buildSettings = {
				ALWAYS_SEARCH_USER_PATHS = NO;
				CLANG_ANALYZER_NONNULL = YES;
				CLANG_ANALYZER_NUMBER_OBJECT_CONVERSION = YES_AGGRESSIVE;
				CLANG_CXX_LANGUAGE_STANDARD = "gnu++14";
				CLANG_CXX_LIBRARY = "libc++";
				CLANG_ENABLE_MODULES = YES;
				CLANG_ENABLE_OBJC_ARC = YES;
				CLANG_ENABLE_OBJC_WEAK = YES;
				CLANG_WARN_BLOCK_CAPTURE_AUTORELEASING = YES;
				CLANG_WARN_BOOL_CONVERSION = YES;
				CLANG_WARN_COMMA = YES;
				CLANG_WARN_CONSTANT_CONVERSION = YES;
				CLANG_WARN_DEPRECATED_OBJC_IMPLEMENTATIONS = YES;
				CLANG_WARN_DIRECT_OBJC_ISA_USAGE = YES_ERROR;
				CLANG_WARN_DOCUMENTATION_COMMENTS = YES;
				CLANG_WARN_EMPTY_BODY = YES;
				CLANG_WARN_ENUM_CONVERSION = YES;
				CLANG_WARN_INFINITE_RECURSION = YES;
				CLANG_WARN_INT_CONVERSION = YES;
				CLANG_WARN_NON_LITERAL_NULL_CONVERSION = YES;
				CLANG_WARN_OBJC_IMPLICIT_RETAIN_SELF = YES;
				CLANG_WARN_OBJC_LITERAL_CONVERSION = YES;
				CLANG_WARN_OBJC_ROOT_CLASS = YES_ERROR;
				CLANG_WARN_QUOTED_INCLUDE_IN_FRAMEWORK_HEADER = YES;
				CLANG_WARN_RANGE_LOOP_ANALYSIS = YES;
				CLANG_WARN_STRICT_PROTOTYPES = YES;
				CLANG_WARN_SUSPICIOUS_MOVE = YES;
				CLANG_WARN_UNGUARDED_AVAILABILITY = YES_AGGRESSIVE;
				CLANG_WARN_UNREACHABLE_CODE = YES;
				CLANG_WARN__DUPLICATE_METHOD_MATCH = YES;
				COPY_PHASE_STRIP = NO;
				DEBUG_INFORMATION_FORMAT = dwarf;
				ENABLE_STRICT_OBJC_MSGSEND = YES;
				ENABLE_TESTABILITY = YES;
				GCC_C_LANGUAGE_STANDARD = gnu11;
				GCC_DYNAMIC_NO_PIC = NO;
				GCC_NO_COMMON_BLOCKS = YES;
				GCC_OPTIMIZATION_LEVEL = 0;
				GCC_PREPROCESSOR_DEFINITIONS = (
					"$(inherited)",
					"DEBUG=1",
				);
				GCC_WARN_64_TO_32_BIT_CONVERSION = YES;
				GCC_WARN_ABOUT_RETURN_TYPE = YES_ERROR;
				GCC_WARN_UNDECLARED_SELECTOR = YES;
				GCC_WARN_UNINITIALIZED_AUTOS = YES_AGGRESSIVE;
				GCC_WARN_UNUSED_FUNCTION = YES;
				GCC_WARN_UNUSED_VARIABLE = YES;
				IPHONEOS_DEPLOYMENT_TARGET = 17.0;
				MACOSX_DEPLOYMENT_TARGET = 14.0;
				MTL_ENABLE_DEBUG_INFO = INCLUDE_SOURCE;
				MTL_FAST_MATH = YES;
				ONLY_ACTIVE_ARCH = YES;
				PRODUCT_NAME = "$(TARGET_NAME)";
				SWIFT_ACTIVE_COMPILATION_CONDITIONS = DEBUG;
				SWIFT_OPTIMIZATION_LEVEL = "-Onone";
				SWIFT_STRICT_CONCURRENCY = targeted;
				SWIFT_VERSION = 5;
			};
			name = Debug;
		};
		BD368D7EA0DA58B11C5EF24F /* Debug */ = {
			isa = XCBuildConfiguration;
			buildSettings = {
				BUNDLE_LOADER = "$(TEST_HOST)";
				CODE_SIGNING_ALLOWED = YES;
				CODE_SIGNING_REQUIRED = NO;
				CODE_SIGN_IDENTITY = "-";
				COMBINE_HIDPI_IMAGES = YES;
				GENERATE_INFOPLIST_FILE = YES;
				LD_RUNPATH_SEARCH_PATHS = (
					"$(inherited)",
					"@executable_path/../Frameworks",
					"@loader_path/../Frameworks",
				);
				PRODUCT_BUNDLE_IDENTIFIER = "com.imaginelabstudios.ils-crm.tests";
				SDKROOT = macosx;
				TEST_HOST = "$(BUILT_PRODUCTS_DIR)/ILS CRM.app/Contents/MacOS/ILS CRM";
			};
			name = Debug;
		};
		F064A775DC43B40489FBE497 /* Debug */ = {
			isa = XCBuildConfiguration;
			buildSettings = {
				BUNDLE_LOADER = "$(TEST_HOST)";
				CODE_SIGNING_ALLOWED = YES;
				CODE_SIGNING_REQUIRED = NO;
				CODE_SIGN_IDENTITY = "-";
				COMBINE_HIDPI_IMAGES = YES;
				GENERATE_INFOPLIST_FILE = YES;
				LD_RUNPATH_SEARCH_PATHS = (
					"$(inherited)",
					"@executable_path/Frameworks",
					"@loader_path/Frameworks",
				);
				PRODUCT_BUNDLE_IDENTIFIER = "com.imaginelabstudios.ils-crm.uitests";
				SDKROOT = macosx;
				TEST_TARGET_NAME = "ILS CRM";
			};
			name = Debug;
		};
		F77AFDC471F71118732856EE /* Release */ = {
			isa = XCBuildConfiguration;
			buildSettings = {
				BUNDLE_LOADER = "$(TEST_HOST)";
				CODE_SIGNING_ALLOWED = YES;
				CODE_SIGNING_REQUIRED = NO;
				CODE_SIGN_IDENTITY = "-";
				COMBINE_HIDPI_IMAGES = YES;
				GENERATE_INFOPLIST_FILE = YES;
				LD_RUNPATH_SEARCH_PATHS = (
					"$(inherited)",
					"@executable_path/Frameworks",
					"@loader_path/Frameworks",
				);
				PRODUCT_BUNDLE_IDENTIFIER = "com.imaginelabstudios.ils-crm.uitests";
				SDKROOT = macosx;
				TEST_TARGET_NAME = "ILS CRM";
			};
			name = Release;
		};
		FD50D22AE2E877C1D239F9EF /* Release */ = {
			isa = XCBuildConfiguration;
			buildSettings = {
				ASSETCATALOG_COMPILER_APPICON_NAME = AppIcon;
				CODE_SIGNING_ALLOWED = YES;
				CODE_SIGNING_REQUIRED = YES;
				"CODE_SIGN_ENTITLEMENTS[sdk=iphoneos*]" = "ILS CRM/ILS CRM iOS.entitlements";
				"CODE_SIGN_ENTITLEMENTS[sdk=iphonesimulator*]" = "ILS CRM/ILS CRM iOS.entitlements";
				"CODE_SIGN_ENTITLEMENTS[sdk=macosx*]" = "ILS CRM/ILS CRM.entitlements";
				CODE_SIGN_IDENTITY = "Apple Development";
				CODE_SIGN_STYLE = Automatic;
				CURRENT_PROJECT_VERSION = 23;
				DEVELOPMENT_TEAM = 8RHA62T6FQ;
				ENABLE_HARDENED_RUNTIME = YES;
				GENERATE_INFOPLIST_FILE = NO;
				INFOPLIST_FILE = "ILS CRM/Info.plist";
				LD_RUNPATH_SEARCH_PATHS = "$(inherited) @executable_path/../Frameworks";
				MARKETING_VERSION = 1.5.1;
				PRODUCT_BUNDLE_IDENTIFIER = "com.imaginelabstudios.ils-crm";
				SDKROOT = auto;
				SUPPORTED_PLATFORMS = "iphoneos iphonesimulator macosx";
				SUPPORTS_MACCATALYST = NO;
				SUPPORTS_MAC_DESIGNED_FOR_IPHONE_IPAD = NO;
				SUPPORTS_XR_DESIGNED_FOR_IPHONE_IPAD = YES;
				TARGETED_DEVICE_FAMILY = "1,2";
			};
			name = Release;
		};
		FEEDA5F570A63B065505F6AA /* Release */ = {
			isa = XCBuildConfiguration;
			buildSettings = {
				BUNDLE_LOADER = "$(TEST_HOST)";
				CODE_SIGNING_ALLOWED = YES;
				CODE_SIGNING_REQUIRED = NO;
				CODE_SIGN_IDENTITY = "-";
				COMBINE_HIDPI_IMAGES = YES;
				GENERATE_INFOPLIST_FILE = YES;
				LD_RUNPATH_SEARCH_PATHS = (
					"$(inherited)",
					"@executable_path/../Frameworks",
					"@loader_path/../Frameworks",
				);
				PRODUCT_BUNDLE_IDENTIFIER = "com.imaginelabstudios.ils-crm.tests";
				SDKROOT = macosx;
				TEST_HOST = "$(BUILT_PRODUCTS_DIR)/ILS CRM.app/Contents/MacOS/ILS CRM";
			};
			name = Release;
		};
/* End XCBuildConfiguration section */

/* Begin XCConfigurationList section */
		302AAD24925A787749ABD34C /* Build configuration list for PBXNativeTarget "ILS CRM" */ = {
			isa = XCConfigurationList;
			buildConfigurations = (
				04E0D6A9BF16AF107302D332 /* Debug */,
				FD50D22AE2E877C1D239F9EF /* Release */,
			);
			defaultConfigurationIsVisible = 0;
			defaultConfigurationName = Debug;
		};
		7077C574633279B1FC34381C /* Build configuration list for PBXNativeTarget "ILS CRM UITests" */ = {
			isa = XCConfigurationList;
			buildConfigurations = (
				F064A775DC43B40489FBE497 /* Debug */,
				F77AFDC471F71118732856EE /* Release */,
			);
			defaultConfigurationIsVisible = 0;
			defaultConfigurationName = Debug;
		};
		CBE92C43AEB1ED3FE3224855 /* Build configuration list for PBXNativeTarget "ILS CRM Tests" */ = {
			isa = XCConfigurationList;
			buildConfigurations = (
				BD368D7EA0DA58B11C5EF24F /* Debug */,
				FEEDA5F570A63B065505F6AA /* Release */,
			);
			defaultConfigurationIsVisible = 0;
			defaultConfigurationName = Debug;
		};
		CCD07FC50E3B6BA1F6BC9F4D /* Build configuration list for PBXProject "ILS CRM" */ = {
			isa = XCConfigurationList;
			buildConfigurations = (
				53D247D4932A8920EA8B196D /* Debug */,
				23A8536E7C95BA2738222BB4 /* Release */,
			);
			defaultConfigurationIsVisible = 0;
			defaultConfigurationName = Debug;
		};
/* End XCConfigurationList section */
	};
	rootObject = C559CE298287DA202E635C77 /* Project object */;
}
